
Microsoft Visual Studio Solution File, Format Version 12.00
# Visual Studio 15
VisualStudioVersion = 15.0.26228.9
MinimumVisualStudioVersion = 10.0.40219.1
Project("{FAE04EC0-301F-11D3-BF4B-00C04F79EFBC}") = "ERP_API", "ERP_API\ERP_API.csproj", "{299D7915-A760-49E8-8211-1EDDD252C9A8}"
EndProject
Project("{FAE04EC0-301F-11D3-BF4B-00C04F79EFBC}") = "BIBIAM.Core.Data", "BIBIAM.Core.Data\BIBIAM.Core.Data.csproj", "{A28202A7-C392-4272-B981-06107143EA14}"
EndProject
Project("{FAE04EC0-301F-11D3-BF4B-00C04F79EFBC}") = "BIBIAM.Core.Entities", "BIBIAM.Core.Entities\BIBIAM.Core.Entities.csproj", "{B3854AD8-39B5-42B8-8FD9-6A7C4D562FFC}"
EndProject
Project("{FAE04EC0-301F-11D3-BF4B-00C04F79EFBC}") = "BIBIAM.Core", "BIBIAM.Core\BIBIAM.Core.csproj", "{A27E8C5C-7401-4B2C-BCA5-77F0CB64EF1A}"
EndProject
Global
	GlobalSection(SolutionConfigurationPlatforms) = preSolution
		Debug|Any CPU = Debug|Any CPU
		Release|Any CPU = Release|Any CPU
	EndGlobalSection
	GlobalSection(ProjectConfigurationPlatforms) = postSolution
		{299D7915-A760-49E8-8211-1EDDD252C9A8}.Debug|Any CPU.ActiveCfg = Debug|Any CPU
		{299D7915-A760-49E8-8211-1EDDD252C9A8}.Debug|Any CPU.Build.0 = Debug|Any CPU
		{299D7915-A760-49E8-8211-1EDDD252C9A8}.Release|Any CPU.ActiveCfg = Release|Any CPU
		{299D7915-A760-49E8-8211-1EDDD252C9A8}.Release|Any CPU.Build.0 = Release|Any CPU
		{A28202A7-C392-4272-B981-06107143EA14}.Debug|Any CPU.ActiveCfg = Debug|Any CPU
		{A28202A7-C392-4272-B981-06107143EA14}.Debug|Any CPU.Build.0 = Debug|Any CPU
		{A28202A7-C392-4272-B981-06107143EA14}.Release|Any CPU.ActiveCfg = Release|Any CPU
		{A28202A7-C392-4272-B981-06107143EA14}.Release|Any CPU.Build.0 = Release|Any CPU
		{B3854AD8-39B5-42B8-8FD9-6A7C4D562FFC}.Debug|Any CPU.ActiveCfg = Debug|Any CPU
		{B3854AD8-39B5-42B8-8FD9-6A7C4D562FFC}.Debug|Any CPU.Build.0 = Debug|Any CPU
		{B3854AD8-39B5-42B8-8FD9-6A7C4D562FFC}.Release|Any CPU.ActiveCfg = Release|Any CPU
		{B3854AD8-39B5-42B8-8FD9-6A7C4D562FFC}.Release|Any CPU.Build.0 = Release|Any CPU
		{A27E8C5C-7401-4B2C-BCA5-77F0CB64EF1A}.Debug|Any CPU.ActiveCfg = Debug|Any CPU
		{A27E8C5C-7401-4B2C-BCA5-77F0CB64EF1A}.Debug|Any CPU.Build.0 = Debug|Any CPU
		{A27E8C5C-7401-4B2C-BCA5-77F0CB64EF1A}.Release|Any CPU.ActiveCfg = Release|Any CPU
		{A27E8C5C-7401-4B2C-BCA5-77F0CB64EF1A}.Release|Any CPU.Build.0 = Release|Any CPU
	EndGlobalSection
	GlobalSection(SolutionProperties) = preSolution
		HideSolutionNode = FALSE
	EndGlobalSection
EndGlobal
